schema: '2.0'
stages:
  data_preprocessing:
    cmd: python scripts/data_prep_script.py
    deps:
    - path: configs/data_prep_config.yaml
      hash: md5
      md5: 83db1f223c396ae71aadac2f8b924373
      size: 1491
    - path: data/raw/bitext-retail-ecommerce-llm-chatbot-training-dataset.csv
      hash: md5
      md5: 6dd684fa00ea6f065b0b7c9375e01675
      size: 42624013
    - path: scripts/data_prep_script.py
      hash: md5
      md5: 9eff00ca0dd5ba07ccb428a0d0951165
      size: 3607
    - path: src/data_prep.py
      hash: md5
      md5: 2a87db5428fc20001e99942c090a11ef
      size: 9374
    params:
      params.yaml:
        sampling.sample_description: small_dataset_for_testing_pipeline
        sampling.sample_size: 10
    outs:
    - path: data/processed/latest_dataset_ref.json
      hash: md5
      md5: c53c6754883d5100de3ba759d1579eed
      size: 225
  fine_tuning:
    cmd: python scripts/fine_tuning_script.py  --input-ref data/processed/latest_dataset_ref.json  --output-dir
      results/  --config params.yaml  --mlflow-uri https://dagshub.com/ShenghaoisYummy/E-commerce-Chatbot.mlflow
    deps:
    - path: data/processed/latest_dataset_ref.json
      hash: md5
      md5: c53c6754883d5100de3ba759d1579eed
      size: 225
    - path: params.yaml
      hash: md5
      md5: 94323888b97843b6f42f4a3f89d2240a
      size: 1575
    - path: scripts/fine_tuning_script.py
      hash: md5
      md5: 020c5835a8e1d6a08f9667ea7ce9ece3
      size: 11776
    - path: src/fine_tuning.py
      hash: md5
      md5: a42603df7ca64ce40debb2a558568488
      size: 16439
    params:
      params.yaml:
        data:
          dataset_path: 
            data/processed/processed_dataset_10rows_small_dataset_for_testing_pipeline_20250502_132555.csv
          test_size: 0.1
          seed: 42
          instruction_column: instruction
          response_column: response
        lora:
          r: 16
          alpha: 56
          dropout: 0.1810942182773847
          target_modules:
          - q_proj
          - v_proj
          - k_proj
          - o_proj
          - gate_proj
          - up_proj
          - down_proj
        model:
          base_model: EleutherAI/gpt-neo-125m
          load_in_8bit: false
          device:
            use_gpu: true
            precision: float16
            device_map: cpu
        training:
          epochs: 3
          batch_size: 4
          gradient_accumulation_steps: 1
          learning_rate: 0.0002
          weight_decay: 1.6036757518568726e-05
          warmup_steps: 135
          max_length: 512
          fp16: true
          bf16: false
          eval_strategy: epoch
          save_strategy: epoch
          save_total_limit: 2
          load_best_model_at_end: true
    outs:
    - path: results/fine_tuned_model_location.json
      hash: md5
      md5: fcce55e70bb6222860d3030612d15e72
      size: 255
  evaluation:
    cmd: python scripts/evaluation_script.py  --eval-dataset-path data/evaluation/evaluation_10rows.csv
      --model-artifact-path results/fine_tuned_model_location.json --output-dir results/evaluations
      --config params.yaml --mlflow-uri https://dagshub.com/ShenghaoisYummy/E-commerce-Chatbot.mlflow
    deps:
    - path: data/evaluation/evaluation_10rows.csv
      hash: md5
      md5: 37933c0a0eeb62bfc6385a1a6c6f234a
      size: 927
    - path: results/fine_tuned_model_location.json
      hash: md5
      md5: fcce55e70bb6222860d3030612d15e72
      size: 255
    - path: scripts/evaluation_script.py
      hash: md5
      md5: ea7607970c5ba933c2d7f3e0b5a0aae9
      size: 7093
    - path: src/evaluation.py
      hash: md5
      md5: 6adf159ba610c26943d6a863783fa83a
      size: 5806
    params:
      params.yaml:
        evaluation:
          use_dagshub: true
          batch_size: 4
          max_length: 512
          num_beams: 4
          metrics:
          - bleu
          - rouge
    outs:
    - path: results/evaluations
      hash: md5
      md5: 0fefea300370e7f472a037210aeb711b.dir
      size: 1237
      nfiles: 2
